
Microsoft Visual Studio Solution File, Format Version 12.00
# Visual Studio Version 16
VisualStudioVersion = 16.0.31321.278
MinimumVisualStudioVersion = 10.0.40219.1
Project("{FAE04EC0-301F-11D3-BF4B-00C04F79EFBC}") = "ShoppingApp.UWP", "ShoppingApp\ShoppingApp.UWP\ShoppingApp.UWP.csproj", "{2F652834-13F2-4ABE-9ADB-DB2364E53F90}"
EndProject
Project("{FAE04EC0-301F-11D3-BF4B-00C04F79EFBC}") = "ShoppingApp.Android", "ShoppingApp\ShoppingApp.Android\ShoppingApp.Android.csproj", "{38B943F7-A3AA-4286-8EA9-4C1AD48E5585}"
EndProject
Project("{FAE04EC0-301F-11D3-BF4B-00C04F79EFBC}") = "ShoppingApp.iOS", "ShoppingApp\ShoppingApp.iOS\ShoppingApp.iOS.csproj", "{7772D9B9-0FA7-4FDC-AC8D-412D47919688}"
EndProject
Project("{FAE04EC0-301F-11D3-BF4B-00C04F79EFBC}") = "ShoppingApp", "ShoppingApp\ShoppingApp\ShoppingApp.csproj", "{94CBF72B-AF43-4F2D-8EB2-E14108514A61}"
EndProject
Global
	GlobalSection(SolutionConfigurationPlatforms) = preSolution
		Debug|Any CPU = Debug|Any CPU
		Debug|ARM = Debug|ARM
		Debug|iPhone = Debug|iPhone
		Debug|iPhoneSimulator = Debug|iPhoneSimulator
		Debug|x64 = Debug|x64
		Debug|x86 = Debug|x86
		Release|Any CPU = Release|Any CPU
		Release|ARM = Release|ARM
		Release|iPhone = Release|iPhone
		Release|iPhoneSimulator = Release|iPhoneSimulator
		Release|x64 = Release|x64
		Release|x86 = Release|x86
	EndGlobalSection
	GlobalSection(ProjectConfigurationPlatforms) = postSolution
		{2F652834-13F2-4ABE-9ADB-DB2364E53F90}.Debug|Any CPU.ActiveCfg = Debug|x86
		{2F652834-13F2-4ABE-9ADB-DB2364E53F90}.Debug|Any CPU.Build.0 = Debug|x86
		{2F652834-13F2-4ABE-9ADB-DB2364E53F90}.Debug|Any CPU.Deploy.0 = Debug|x86
		{2F652834-13F2-4ABE-9ADB-DB2364E53F90}.Debug|ARM.ActiveCfg = Debug|ARM
		{2F652834-13F2-4ABE-9ADB-DB2364E53F90}.Debug|ARM.Build.0 = Debug|ARM
		{2F652834-13F2-4ABE-9ADB-DB2364E53F90}.Debug|ARM.Deploy.0 = Debug|ARM
		{2F652834-13F2-4ABE-9ADB-DB2364E53F90}.Debug|iPhone.ActiveCfg = Debug|x86
		{2F652834-13F2-4ABE-9ADB-DB2364E53F90}.Debug|iPhone.Build.0 = Debug|x86
		{2F652834-13F2-4ABE-9ADB-DB2364E53F90}.Debug|iPhone.Deploy.0 = Debug|x86
		{2F652834-13F2-4ABE-9ADB-DB2364E53F90}.Debug|iPhoneSimulator.ActiveCfg = Debug|x86
		{2F652834-13F2-4ABE-9ADB-DB2364E53F90}.Debug|iPhoneSimulator.Build.0 = Debug|x86
		{2F652834-13F2-4ABE-9ADB-DB2364E53F90}.Debug|iPhoneSimulator.Deploy.0 = Debug|x86
		{2F652834-13F2-4ABE-9ADB-DB2364E53F90}.Debug|x64.ActiveCfg = Debug|x64
		{2F652834-13F2-4ABE-9ADB-DB2364E53F90}.Debug|x64.Build.0 = Debug|x64
		{2F652834-13F2-4ABE-9ADB-DB2364E53F90}.Debug|x64.Deploy.0 = Debug|x64
		{2F652834-13F2-4ABE-9ADB-DB2364E53F90}.Debug|x86.ActiveCfg = Debug|x86
		{2F652834-13F2-4ABE-9ADB-DB2364E53F90}.Debug|x86.Build.0 = Debug|x86
		{2F652834-13F2-4ABE-9ADB-DB2364E53F90}.Debug|x86.Deploy.0 = Debug|x86
		{2F652834-13F2-4ABE-9ADB-DB2364E53F90}.Release|Any CPU.ActiveCfg = Release|x86
		{2F652834-13F2-4ABE-9ADB-DB2364E53F90}.Release|Any CPU.Build.0 = Release|x86
		{2F652834-13F2-4ABE-9ADB-DB2364E53F90}.Release|Any CPU.Deploy.0 = Release|x86
		{2F652834-13F2-4ABE-9ADB-DB2364E53F90}.Release|ARM.ActiveCfg = Release|ARM
		{2F652834-13F2-4ABE-9ADB-DB2364E53F90}.Release|ARM.Build.0 = Release|ARM
		{2F652834-13F2-4ABE-9ADB-DB2364E53F90}.Release|ARM.Deploy.0 = Release|ARM
		{2F652834-13F2-4ABE-9ADB-DB2364E53F90}.Release|iPhone.ActiveCfg = Release|x86
		{2F652834-13F2-4ABE-9ADB-DB2364E53F90}.Release|iPhone.Build.0 = Release|x86
		{2F652834-13F2-4ABE-9ADB-DB2364E53F90}.Release|iPhone.Deploy.0 = Release|x86
		{2F652834-13F2-4ABE-9ADB-DB2364E53F90}.Release|iPhoneSimulator.ActiveCfg = Release|x86
		{2F652834-13F2-4ABE-9ADB-DB2364E53F90}.Release|iPhoneSimulator.Build.0 = Release|x86
		{2F652834-13F2-4ABE-9ADB-DB2364E53F90}.Release|iPhoneSimulator.Deploy.0 = Release|x86
		{2F652834-13F2-4ABE-9ADB-DB2364E53F90}.Release|x64.ActiveCfg = Release|x64
		{2F652834-13F2-4ABE-9ADB-DB2364E53F90}.Release|x64.Build.0 = Release|x64
		{2F652834-13F2-4ABE-9ADB-DB2364E53F90}.Release|x64.Deploy.0 = Release|x64
		{2F652834-13F2-4ABE-9ADB-DB2364E53F90}.Release|x86.ActiveCfg = Release|x86
		{2F652834-13F2-4ABE-9ADB-DB2364E53F90}.Release|x86.Build.0 = Release|x86
		{2F652834-13F2-4ABE-9ADB-DB2364E53F90}.Release|x86.Deploy.0 = Release|x86
		{38B943F7-A3AA-4286-8EA9-4C1AD48E5585}.Debug|Any CPU.ActiveCfg = Debug|Any CPU
		{38B943F7-A3AA-4286-8EA9-4C1AD48E5585}.Debug|Any CPU.Build.0 = Debug|Any CPU
		{38B943F7-A3AA-4286-8EA9-4C1AD48E5585}.Debug|Any CPU.Deploy.0 = Debug|Any CPU
		{38B943F7-A3AA-4286-8EA9-4C1AD48E5585}.Debug|ARM.ActiveCfg = Debug|Any CPU
		{38B943F7-A3AA-4286-8EA9-4C1AD48E5585}.Debug|ARM.Build.0 = Debug|Any CPU
		{38B943F7-A3AA-4286-8EA9-4C1AD48E5585}.Debug|ARM.Deploy.0 = Debug|Any CPU
		{38B943F7-A3AA-4286-8EA9-4C1AD48E5585}.Debug|iPhone.ActiveCfg = Debug|Any CPU
		{38B943F7-A3AA-4286-8EA9-4C1AD48E5585}.Debug|iPhone.Build.0 = Debug|Any CPU
		{38B943F7-A3AA-4286-8EA9-4C1AD48E5585}.Debug|iPhone.Deploy.0 = Debug|Any CPU
		{38B943F7-A3AA-4286-8EA9-4C1AD48E5585}.Debug|iPhoneSimulator.ActiveCfg = Debug|Any CPU
		{38B943F7-A3AA-4286-8EA9-4C1AD48E5585}.Debug|iPhoneSimulator.Build.0 = Debug|Any CPU
		{38B943F7-A3AA-4286-8EA9-4C1AD48E5585}.Debug|iPhoneSimulator.Deploy.0 = Debug|Any CPU
		{38B943F7-A3AA-4286-8EA9-4C1AD48E5585}.Debug|x64.ActiveCfg = Debug|Any CPU
		{38B943F7-A3AA-4286-8EA9-4C1AD48E5585}.Debug|x64.Build.0 = Debug|Any CPU
		{38B943F7-A3AA-4286-8EA9-4C1AD48E5585}.Debug|x64.Deploy.0 = Debug|Any CPU
		{38B943F7-A3AA-4286-8EA9-4C1AD48E5585}.Debug|x86.ActiveCfg = Debug|Any CPU
		{38B943F7-A3AA-4286-8EA9-4C1AD48E5585}.Debug|x86.Build.0 = Debug|Any CPU
		{38B943F7-A3AA-4286-8EA9-4C1AD48E5585}.Debug|x86.Deploy.0 = Debug|Any CPU
		{38B943F7-A3AA-4286-8EA9-4C1AD48E5585}.Release|Any CPU.ActiveCfg = Release|Any CPU
		{38B943F7-A3AA-4286-8EA9-4C1AD48E5585}.Release|Any CPU.Build.0 = Release|Any CPU
		{38B943F7-A3AA-4286-8EA9-4C1AD48E5585}.Release|Any CPU.Deploy.0 = Release|Any CPU
		{38B943F7-A3AA-4286-8EA9-4C1AD48E5585}.Release|ARM.ActiveCfg = Release|Any CPU
		{38B943F7-A3AA-4286-8EA9-4C1AD48E5585}.Release|ARM.Build.0 = Release|Any CPU
		{38B943F7-A3AA-4286-8EA9-4C1AD48E5585}.Release|ARM.Deploy.0 = Release|Any CPU
		{38B943F7-A3AA-4286-8EA9-4C1AD48E5585}.Release|iPhone.ActiveCfg = Release|Any CPU
		{38B943F7-A3AA-4286-8EA9-4C1AD48E5585}.Release|iPhone.Build.0 = Release|Any CPU
		{38B943F7-A3AA-4286-8EA9-4C1AD48E5585}.Release|iPhone.Deploy.0 = Release|Any CPU
		{38B943F7-A3AA-4286-8EA9-4C1AD48E5585}.Release|iPhoneSimulator.ActiveCfg = Release|Any CPU
		{38B943F7-A3AA-4286-8EA9-4C1AD48E5585}.Release|iPhoneSimulator.Build.0 = Release|Any CPU
		{38B943F7-A3AA-4286-8EA9-4C1AD48E5585}.Release|iPhoneSimulator.Deploy.0 = Release|Any CPU
		{38B943F7-A3AA-4286-8EA9-4C1AD48E5585}.Release|x64.ActiveCfg = Release|Any CPU
		{38B943F7-A3AA-4286-8EA9-4C1AD48E5585}.Release|x64.Build.0 = Release|Any CPU
		{38B943F7-A3AA-4286-8EA9-4C1AD48E5585}.Release|x64.Deploy.0 = Release|Any CPU
		{38B943F7-A3AA-4286-8EA9-4C1AD48E5585}.Release|x86.ActiveCfg = Release|Any CPU
		{38B943F7-A3AA-4286-8EA9-4C1AD48E5585}.Release|x86.Build.0 = Release|Any CPU
		{38B943F7-A3AA-4286-8EA9-4C1AD48E5585}.Release|x86.Deploy.0 = Release|Any CPU
		{7772D9B9-0FA7-4FDC-AC8D-412D47919688}.Debug|Any CPU.ActiveCfg = Debug|iPhoneSimulator
		{7772D9B9-0FA7-4FDC-AC8D-412D47919688}.Debug|Any CPU.Build.0 = Debug|iPhoneSimulator
		{7772D9B9-0FA7-4FDC-AC8D-412D47919688}.Debug|Any CPU.Deploy.0 = Debug|iPhoneSimulator
		{7772D9B9-0FA7-4FDC-AC8D-412D47919688}.Debug|ARM.ActiveCfg = Debug|iPhone
		{7772D9B9-0FA7-4FDC-AC8D-412D47919688}.Debug|ARM.Build.0 = Debug|iPhone
		{7772D9B9-0FA7-4FDC-AC8D-412D47919688}.Debug|ARM.Deploy.0 = Debug|iPhone
		{7772D9B9-0FA7-4FDC-AC8D-412D47919688}.Debug|iPhone.ActiveCfg = Debug|iPhone
		{7772D9B9-0FA7-4FDC-AC8D-412D47919688}.Debug|iPhone.Build.0 = Debug|iPhone
		{7772D9B9-0FA7-4FDC-AC8D-412D47919688}.Debug|iPhone.Deploy.0 = Debug|iPhone
		{7772D9B9-0FA7-4FDC-AC8D-412D47919688}.Debug|iPhoneSimulator.ActiveCfg = Debug|iPhoneSimulator
		{7772D9B9-0FA7-4FDC-AC8D-412D47919688}.Debug|iPhoneSimulator.Build.0 = Debug|iPhoneSimulator
		{7772D9B9-0FA7-4FDC-AC8D-412D47919688}.Debug|iPhoneSimulator.Deploy.0 = Debug|iPhoneSimulator
		{7772D9B9-0FA7-4FDC-AC8D-412D47919688}.Debug|x64.ActiveCfg = Debug|iPhoneSimulator
		{7772D9B9-0FA7-4FDC-AC8D-412D47919688}.Debug|x64.Build.0 = Debug|iPhoneSimulator
		{7772D9B9-0FA7-4FDC-AC8D-412D47919688}.Debug|x64.Deploy.0 = Debug|iPhoneSimulator
		{7772D9B9-0FA7-4FDC-AC8D-412D47919688}.Debug|x86.ActiveCfg = Debug|iPhoneSimulator
		{7772D9B9-0FA7-4FDC-AC8D-412D47919688}.Debug|x86.Build.0 = Debug|iPhoneSimulator
		{7772D9B9-0FA7-4FDC-AC8D-412D47919688}.Debug|x86.Deploy.0 = Debug|iPhoneSimulator
		{7772D9B9-0FA7-4FDC-AC8D-412D47919688}.Release|Any CPU.ActiveCfg = Release|iPhoneSimulator
		{7772D9B9-0FA7-4FDC-AC8D-412D47919688}.Release|Any CPU.Build.0 = Release|iPhoneSimulator
		{7772D9B9-0FA7-4FDC-AC8D-412D47919688}.Release|Any CPU.Deploy.0 = Release|iPhoneSimulator
		{7772D9B9-0FA7-4FDC-AC8D-412D47919688}.Release|ARM.ActiveCfg = Release|iPhoneSimulator
		{7772D9B9-0FA7-4FDC-AC8D-412D47919688}.Release|ARM.Build.0 = Release|iPhoneSimulator
		{7772D9B9-0FA7-4FDC-AC8D-412D47919688}.Release|ARM.Deploy.0 = Release|iPhoneSimulator
		{7772D9B9-0FA7-4FDC-AC8D-412D47919688}.Release|iPhone.ActiveCfg = Release|iPhone
		{7772D9B9-0FA7-4FDC-AC8D-412D47919688}.Release|iPhone.Build.0 = Release|iPhone
		{7772D9B9-0FA7-4FDC-AC8D-412D47919688}.Release|iPhone.Deploy.0 = Release|iPhone
		{7772D9B9-0FA7-4FDC-AC8D-412D47919688}.Release|iPhoneSimulator.ActiveCfg = Release|iPhoneSimulator
		{7772D9B9-0FA7-4FDC-AC8D-412D47919688}.Release|iPhoneSimulator.Build.0 = Release|iPhoneSimulator
		{7772D9B9-0FA7-4FDC-AC8D-412D47919688}.Release|iPhoneSimulator.Deploy.0 = Release|iPhoneSimulator
		{7772D9B9-0FA7-4FDC-AC8D-412D47919688}.Release|x64.ActiveCfg = Release|iPhoneSimulator
		{7772D9B9-0FA7-4FDC-AC8D-412D47919688}.Release|x64.Build.0 = Release|iPhoneSimulator
		{7772D9B9-0FA7-4FDC-AC8D-412D47919688}.Release|x64.Deploy.0 = Release|iPhoneSimulator
		{7772D9B9-0FA7-4FDC-AC8D-412D47919688}.Release|x86.ActiveCfg = Release|iPhoneSimulator
		{7772D9B9-0FA7-4FDC-AC8D-412D47919688}.Release|x86.Build.0 = Release|iPhoneSimulator
		{7772D9B9-0FA7-4FDC-AC8D-412D47919688}.Release|x86.Deploy.0 = Release|iPhoneSimulator
		{94CBF72B-AF43-4F2D-8EB2-E14108514A61}.Debug|Any CPU.ActiveCfg = Debug|Any CPU
		{94CBF72B-AF43-4F2D-8EB2-E14108514A61}.Debug|Any CPU.Build.0 = Debug|Any CPU
		{94CBF72B-AF43-4F2D-8EB2-E14108514A61}.Debug|Any CPU.Deploy.0 = Debug|Any CPU
		{94CBF72B-AF43-4F2D-8EB2-E14108514A61}.Debug|ARM.ActiveCfg = Debug|Any CPU
		{94CBF72B-AF43-4F2D-8EB2-E14108514A61}.Debug|ARM.Build.0 = Debug|Any CPU
		{94CBF72B-AF43-4F2D-8EB2-E14108514A61}.Debug|ARM.Deploy.0 = Debug|Any CPU
		{94CBF72B-AF43-4F2D-8EB2-E14108514A61}.Debug|iPhone.ActiveCfg = Debug|Any CPU
		{94CBF72B-AF43-4F2D-8EB2-E14108514A61}.Debug|iPhone.Build.0 = Debug|Any CPU
		{94CBF72B-AF43-4F2D-8EB2-E14108514A61}.Debug|iPhone.Deploy.0 = Debug|Any CPU
		{94CBF72B-AF43-4F2D-8EB2-E14108514A61}.Debug|iPhoneSimulator.ActiveCfg = Debug|Any CPU
		{94CBF72B-AF43-4F2D-8EB2-E14108514A61}.Debug|iPhoneSimulator.Build.0 = Debug|Any CPU
		{94CBF72B-AF43-4F2D-8EB2-E14108514A61}.Debug|iPhoneSimulator.Deploy.0 = Debug|Any CPU
		{94CBF72B-AF43-4F2D-8EB2-E14108514A61}.Debug|x64.ActiveCfg = Debug|Any CPU
		{94CBF72B-AF43-4F2D-8EB2-E14108514A61}.Debug|x64.Build.0 = Debug|Any CPU
		{94CBF72B-AF43-4F2D-8EB2-E14108514A61}.Debug|x64.Deploy.0 = Debug|Any CPU
		{94CBF72B-AF43-4F2D-8EB2-E14108514A61}.Debug|x86.ActiveCfg = Debug|Any CPU
		{94CBF72B-AF43-4F2D-8EB2-E14108514A61}.Debug|x86.Build.0 = Debug|Any CPU
		{94CBF72B-AF43-4F2D-8EB2-E14108514A61}.Debug|x86.Deploy.0 = Debug|Any CPU
		{94CBF72B-AF43-4F2D-8EB2-E14108514A61}.Release|Any CPU.ActiveCfg = Release|Any CPU
		{94CBF72B-AF43-4F2D-8EB2-E14108514A61}.Release|Any CPU.Build.0 = Release|Any CPU
		{94CBF72B-AF43-4F2D-8EB2-E14108514A61}.Release|Any CPU.Deploy.0 = Release|Any CPU
		{94CBF72B-AF43-4F2D-8EB2-E14108514A61}.Release|ARM.ActiveCfg = Release|Any CPU
		{94CBF72B-AF43-4F2D-8EB2-E14108514A61}.Release|ARM.Build.0 = Release|Any CPU
		{94CBF72B-AF43-4F2D-8EB2-E14108514A61}.Release|ARM.Deploy.0 = Release|Any CPU
		{94CBF72B-AF43-4F2D-8EB2-E14108514A61}.Release|iPhone.ActiveCfg = Release|Any CPU
		{94CBF72B-AF43-4F2D-8EB2-E14108514A61}.Release|iPhone.Build.0 = Release|Any CPU
		{94CBF72B-AF43-4F2D-8EB2-E14108514A61}.Release|iPhone.Deploy.0 = Release|Any CPU
		{94CBF72B-AF43-4F2D-8EB2-E14108514A61}.Release|iPhoneSimulator.ActiveCfg = Release|Any CPU
		{94CBF72B-AF43-4F2D-8EB2-E14108514A61}.Release|iPhoneSimulator.Build.0 = Release|Any CPU
		{94CBF72B-AF43-4F2D-8EB2-E14108514A61}.Release|iPhoneSimulator.Deploy.0 = Release|Any CPU
		{94CBF72B-AF43-4F2D-8EB2-E14108514A61}.Release|x64.ActiveCfg = Release|Any CPU
		{94CBF72B-AF43-4F2D-8EB2-E14108514A61}.Release|x64.Build.0 = Release|Any CPU
		{94CBF72B-AF43-4F2D-8EB2-E14108514A61}.Release|x64.Deploy.0 = Release|Any CPU
		{94CBF72B-AF43-4F2D-8EB2-E14108514A61}.Release|x86.ActiveCfg = Release|Any CPU
		{94CBF72B-AF43-4F2D-8EB2-E14108514A61}.Release|x86.Build.0 = Release|Any CPU
		{94CBF72B-AF43-4F2D-8EB2-E14108514A61}.Release|x86.Deploy.0 = Release|Any CPU
	EndGlobalSection
	GlobalSection(SolutionProperties) = preSolution
		HideSolutionNode = FALSE
	EndGlobalSection
	GlobalSection(ExtensibilityGlobals) = postSolution
		SolutionGuid = {5D596C57-D1F3-40BA-987A-24F69126F0FA}
	EndGlobalSection
EndGlobal
